<?xml version="1.0" encoding="utf-8"?>
<Project ToolsVersion="4.0" xmlns="http://schemas.microsoft.com/developer/msbuild/2003">
  <ItemGroup>
    <Filter Include="Source Files">
      <UniqueIdentifier>{4FC737F1-C7A5-4376-A066-2A32D752A2FF}</UniqueIdentifier>
      <Extensions>cpp;c;cc;cxx;def;odl;idl;hpj;bat;asm;asmx</Extensions>
    </Filter>
    <Filter Include="Header Files">
      <UniqueIdentifier>{93995380-89BD-4b04-88EB-625FBE52EBFB}</UniqueIdentifier>
      <Extensions>h;hpp;hxx;hm;inl;inc;xsd</Extensions>
    </Filter>
    <Filter Include="Resource Files">
      <UniqueIdentifier>{67DA6AB6-F800-4c08-8B7A-83BB121AAD01}</UniqueIdentifier>
      <Extensions>rc;ico;cur;bmp;dlg;rc2;rct;bin;rgs;gif;jpg;jpeg;jpe;resx;tiff;tif;png;wav;mfcribbon-ms</Extensions>
    </Filter>
  </ItemGroup>
  <ItemGroup>
    <ClCompile Include="..\phFriNfc_DesfireFormat.c">
      <Filter>Source Files</Filter>
    </ClCompile>
    <ClCompile Include="..\phFriNfc_DesfireMap.c">
      <Filter>Source Files</Filter>
    </ClCompile>
    <ClCompile Include="..\phFriNfc_FelicaMap.c">
      <Filter>Source Files</Filter>
    </ClCompile>
    <ClCompile Include="..\phFriNfc_ISO15693Format.c">
      <Filter>Source Files</Filter>
    </ClCompile>
    <ClCompile Include="..\phFriNfc_ISO15693Map.c">
      <Filter>Source Files</Filter>
    </ClCompile>
    <ClCompile Include="..\phFriNfc_Llcp.c">
      <Filter>Source Files</Filter>
    </ClCompile>
    <ClCompile Include="..\phFriNfc_LlcpMac.c">
      <Filter>Source Files</Filter>
    </ClCompile>
    <ClCompile Include="..\phFriNfc_LlcpMacNfcip.c">
      <Filter>Source Files</Filter>
    </ClCompile>
    <ClCompile Include="..\phFriNfc_LlcpTransport.c">
      <Filter>Source Files</Filter>
    </ClCompile>
    <ClCompile Include="..\phFriNfc_LlcpTransport_Connection.c">
      <Filter>Source Files</Filter>
    </ClCompile>
    <ClCompile Include="..\phFriNfc_LlcpTransport_Connectionless.c">
      <Filter>Source Files</Filter>
    </ClCompile>
    <ClCompile Include="..\phFriNfc_LlcpUtils.c">
      <Filter>Source Files</Filter>
    </ClCompile>
    <ClCompile Include="..\phFriNfc_MapTools.c">
      <Filter>Source Files</Filter>
    </ClCompile>
    <ClCompile Include="..\phFriNfc_MifareStdMap.c">
      <Filter>Source Files</Filter>
    </ClCompile>
    <ClCompile Include="..\phFriNfc_MifareULMap.c">
      <Filter>Source Files</Filter>
    </ClCompile>
    <ClCompile Include="..\phFriNfc_MifStdFormat.c">
      <Filter>Source Files</Filter>
    </ClCompile>
    <ClCompile Include="..\phFriNfc_MifULFormat.c">
      <Filter>Source Files</Filter>
    </ClCompile>
    <ClCompile Include="..\phFriNfc_NdefMap.c">
      <Filter>Source Files</Filter>
    </ClCompile>
    <ClCompile Include="..\phFriNfc_NdefRecord.c">
      <Filter>Source Files</Filter>
    </ClCompile>
    <ClCompile Include="..\phFriNfc_NdefReg.c">
      <Filter>Source Files</Filter>
    </ClCompile>
    <ClCompile Include="..\phFriNfc_OvrHal.c">
      <Filter>Source Files</Filter>
    </ClCompile>
    <ClCompile Include="..\phFriNfc_SmtCrdFmt.c">
      <Filter>Source Files</Filter>
    </ClCompile>
    <ClCompile Include="..\phFriNfc_SnepProtocol.c">
      <Filter>Source Files</Filter>
    </ClCompile>
    <ClCompile Include="..\phFriNfc_SnepProtocolUtility.c">
      <Filter>Source Files</Filter>
    </ClCompile>
    <ClCompile Include="..\phFriNfc_TopazDynamicMap.c">
      <Filter>Source Files</Filter>
    </ClCompile>
    <ClCompile Include="..\phFriNfc_TopazMap.c">
      <Filter>Source Files</Filter>
    </ClCompile>
    <ClCompile Include="..\phFriNfc_TopazFormat.c">
      <Filter>Source Files</Filter>
    </ClCompile>
  </ItemGroup>
  <ItemGroup>
    <ClInclude Include="..\phFriNfc.h">
      <Filter>Header Files</Filter>
    </ClInclude>
    <ClInclude Include="..\phFriNfc_DesfireFormat.h">
      <Filter>Header Files</Filter>
    </ClInclude>
    <ClInclude Include="..\phFriNfc_DesfireMap.h">
      <Filter>Header Files</Filter>
    </ClInclude>
    <ClInclude Include="..\phFriNfc_FelicaMap.h">
      <Filter>Header Files</Filter>
    </ClInclude>
    <ClInclude Include="..\phFriNfc_IntNdefMap.h">
      <Filter>Header Files</Filter>
    </ClInclude>
    <ClInclude Include="..\phFriNfc_ISO15693Format.h">
      <Filter>Header Files</Filter>
    </ClInclude>
    <ClInclude Include="..\phFriNfc_ISO15693Map.h">
      <Filter>Header Files</Filter>
    </ClInclude>
    <ClInclude Include="..\phFriNfc_Llcp.h">
      <Filter>Header Files</Filter>
    </ClInclude>
    <ClInclude Include="..\phFriNfc_LlcpMac.h">
      <Filter>Header Files</Filter>
    </ClInclude>
    <ClInclude Include="..\phFriNfc_LlcpMacNfcip.h">
      <Filter>Header Files</Filter>
    </ClInclude>
    <ClInclude Include="..\phFriNfc_LlcpTransport.h">
      <Filter>Header Files</Filter>
    </ClInclude>
    <ClInclude Include="..\phFriNfc_LlcpTransport_Connection.h">
      <Filter>Header Files</Filter>
    </ClInclude>
    <ClInclude Include="..\phFriNfc_LlcpTransport_Connectionless.h">
      <Filter>Header Files</Filter>
    </ClInclude>
    <ClInclude Include="..\phFriNfc_LlcpUtils.h">
      <Filter>Header Files</Filter>
    </ClInclude>
    <ClInclude Include="..\phFriNfc_MapTools.h">
      <Filter>Header Files</Filter>
    </ClInclude>
    <ClInclude Include="..\phFriNfc_MifareStdMap.h">
      <Filter>Header Files</Filter>
    </ClInclude>
    <ClInclude Include="..\phFriNfc_MifareULMap.h">
      <Filter>Header Files</Filter>
    </ClInclude>
    <ClInclude Include="..\phFriNfc_MifStdFormat.h">
      <Filter>Header Files</Filter>
    </ClInclude>
    <ClInclude Include="..\phFriNfc_MifULFormat.h">
      <Filter>Header Files</Filter>
    </ClInclude>
    <ClInclude Include="..\phFriNfc_NdefMap.h">
      <Filter>Header Files</Filter>
    </ClInclude>
    <ClInclude Include="..\phFriNfc_NdefReg.h">
      <Filter>Header Files</Filter>
    </ClInclude>
    <ClInclude Include="..\phFriNfc_OvrHal.h">
      <Filter>Header Files</Filter>
    </ClInclude>
    <ClInclude Include="..\phFriNfc_Pch.h">
      <Filter>Header Files</Filter>
    </ClInclude>
    <ClInclude Include="..\phFriNfc_SmtCrdFmt.h">
      <Filter>Header Files</Filter>
    </ClInclude>
    <ClInclude Include="..\phFriNfc_SnepProtocolUtility.h">
      <Filter>Header Files</Filter>
    </ClInclude>
    <ClInclude Include="..\phFriNfc_TopazMap.h">
      <Filter>Header Files</Filter>
    </ClInclude>
    <ClInclude Include="..\phFriNfc_TopazFormat.h">
      <Filter>Header Files</Filter>
    </ClInclude>
    <ClInclude Include="..\..\..\inc\phFriNfc_NdefRecord.h">
      <Filter>Header Files</Filter>
    </ClInclude>
    <ClInclude Include="..\..\..\inc\phFriNfc_SnepProtocol.h">
      <Filter>Header Files</Filter>
    </ClInclude>
  </ItemGroup>
</Project>