<?xml version="1.0" encoding="utf-8"?>
<Project ToolsVersion="4.0" xmlns="http://schemas.microsoft.com/developer/msbuild/2003">
  <ItemGroup>
    <Filter Include="Source Files">
      <UniqueIdentifier>{4FC737F1-C7A5-4376-A066-2A32D752A2FF}</UniqueIdentifier>
      <Extensions>cpp;c;cc;cxx;def;odl;idl;hpj;bat;asm;asmx</Extensions>
    </Filter>
    <Filter Include="Header Files">
      <UniqueIdentifier>{93995380-89BD-4b04-88EB-625FBE52EBFB}</UniqueIdentifier>
      <Extensions>h;hpp;hxx;hm;inl;inc;xsd</Extensions>
    </Filter>
    <Filter Include="Resource Files">
      <UniqueIdentifier>{67DA6AB6-F800-4c08-8B7A-83BB121AAD01}</UniqueIdentifier>
      <Extensions>rc;ico;cur;bmp;dlg;rc2;rct;bin;rgs;gif;jpg;jpeg;jpe;resx;tiff;tif;png;wav;mfcribbon-ms</Extensions>
    </Filter>
    <Filter Include="Driver Files">
      <UniqueIdentifier>{8E41214B-6785-4CFE-B992-037D68949A14}</UniqueIdentifier>
      <Extensions>inf;inv;inx;mof;mc;</Extensions>
    </Filter>
  </ItemGroup>
  <ItemGroup>
    <ClCompile Include="..\device.cpp">
      <Filter>Source Files</Filter>
    </ClCompile>
    <ClCompile Include="..\fileObject.cpp">
      <Filter>Source Files</Filter>
    </ClCompile>
    <ClCompile Include="..\NfcCxDTA.cpp">
      <Filter>Source Files</Filter>
    </ClCompile>
    <ClCompile Include="..\NfcCxDTAInternal.cpp">
      <Filter>Source Files</Filter>
    </ClCompile>
    <ClCompile Include="..\NfcCxLLCP.cpp">
      <Filter>Source Files</Filter>
    </ClCompile>
    <ClCompile Include="..\NfcCxNFP.cpp">
      <Filter>Source Files</Filter>
    </ClCompile>
    <ClCompile Include="..\NfcCxRF.cpp">
      <Filter>Source Files</Filter>
    </ClCompile>
    <ClCompile Include="..\NfcCxSC.cpp">
      <Filter>Source Files</Filter>
    </ClCompile>
    <ClCompile Include="..\NfcCxSE.cpp">
      <Filter>Source Files</Filter>
    </ClCompile>
    <ClCompile Include="..\NfcCxSequence.cpp">
      <Filter>Source Files</Filter>
    </ClCompile>
    <ClCompile Include="..\NfcCxSNEP.cpp">
      <Filter>Source Files</Filter>
    </ClCompile>
    <ClCompile Include="..\NfcCxState.cpp">
      <Filter>Source Files</Filter>
    </ClCompile>
    <ClCompile Include="..\NfcCxTml.cpp">
      <Filter>Source Files</Filter>
    </ClCompile>
    <ClCompile Include="..\NfcCxUtils.cpp">
      <Filter>Source Files</Filter>
    </ClCompile>
    <ClCompile Include="..\power.cpp">
      <Filter>Source Files</Filter>
    </ClCompile>
    <ClCompile Include="..\StorageCardManager.cpp">
      <Filter>Source Files</Filter>
    </ClCompile>
    <ClCompile Include="..\driver.cpp">
      <Filter>Source Files</Filter>
    </ClCompile>
    <ClCompile Include="..\NfcCxSCPresentAbsentDispatcher.cpp">
      <Filter>Source Files</Filter>
    </ClCompile>
  </ItemGroup>
  <ItemGroup>
    <ClInclude Include="..\device.h">
      <Filter>Header Files</Filter>
    </ClInclude>
    <ClInclude Include="..\NfcCxDTA.h">
      <Filter>Header Files</Filter>
    </ClInclude>
    <ClInclude Include="..\NfcCxLLCP.h">
      <Filter>Header Files</Filter>
    </ClInclude>
    <ClInclude Include="..\NfcCxNFP.h">
      <Filter>Header Files</Filter>
    </ClInclude>
    <ClInclude Include="..\NfcCxPch.h">
      <Filter>Header Files</Filter>
    </ClInclude>
    <ClInclude Include="..\NfcCxRF.h">
      <Filter>Header Files</Filter>
    </ClInclude>
    <ClInclude Include="..\NfcCxSC.h">
      <Filter>Header Files</Filter>
    </ClInclude>
    <ClInclude Include="..\NfcCxSE.h">
      <Filter>Header Files</Filter>
    </ClInclude>
    <ClInclude Include="..\NfcCxSequence.h">
      <Filter>Header Files</Filter>
    </ClInclude>
    <ClInclude Include="..\NfcCxSNEP.h">
      <Filter>Header Files</Filter>
    </ClInclude>
    <ClInclude Include="..\NfcCxState.h">
      <Filter>Header Files</Filter>
    </ClInclude>
    <ClInclude Include="..\NfcCxTml.h">
      <Filter>Header Files</Filter>
    </ClInclude>
    <ClInclude Include="..\NfcCxTracing.h">
      <Filter>Header Files</Filter>
    </ClInclude>
    <ClInclude Include="..\NfcCxUtils.h">
      <Filter>Header Files</Filter>
    </ClInclude>
    <ClInclude Include="..\power.h">
      <Filter>Header Files</Filter>
    </ClInclude>
    <ClInclude Include="..\StorageCardManager.h">
      <Filter>Header Files</Filter>
    </ClInclude>
    <ClInclude Include="..\NfcCxTraceLogging.h">
      <Filter>Header Files</Filter>
    </ClInclude>
    <ClInclude Include="..\fileObject.h">
      <Filter>Header Files</Filter>
    </ClInclude>
    <ClInclude Include="..\driver.h">
      <Filter>Header Files</Filter>
    </ClInclude>
    <ClInclude Include="..\NfcCxSCPresentAbsentDispatcher.h">
      <Filter>Header Files</Filter>
    </ClInclude>
  </ItemGroup>
  <ItemGroup>
    <Text Include="Readme.txt" />
  </ItemGroup>
</Project>