<?xml version="1.0" encoding="utf-8"?>
<Project ToolsVersion="4.0" xmlns="http://schemas.microsoft.com/developer/msbuild/2003">
  <ItemGroup>
    <Filter Include="Source Files">
      <UniqueIdentifier>{4FC737F1-C7A5-4376-A066-2A32D752A2FF}</UniqueIdentifier>
      <Extensions>cpp;c;cc;cxx;def;odl;idl;hpj;bat;asm;asmx</Extensions>
    </Filter>
    <Filter Include="Header Files">
      <UniqueIdentifier>{93995380-89BD-4b04-88EB-625FBE52EBFB}</UniqueIdentifier>
      <Extensions>h;hpp;hxx;hm;inl;inc;xsd</Extensions>
    </Filter>
    <Filter Include="Resource Files">
      <UniqueIdentifier>{67DA6AB6-F800-4c08-8B7A-83BB121AAD01}</UniqueIdentifier>
      <Extensions>rc;ico;cur;bmp;dlg;rc2;rct;bin;rgs;gif;jpg;jpeg;jpe;resx;tiff;tif;png;wav;mfcribbon-ms</Extensions>
    </Filter>
  </ItemGroup>
  <ItemGroup>
    <ClCompile Include="..\phHciNfc_Core.c">
      <Filter>Source Files</Filter>
    </ClCompile>
    <ClCompile Include="..\phHciNfc_CoreRxMemMgr.c">
      <Filter>Source Files</Filter>
    </ClCompile>
    <ClCompile Include="..\phHciNfc_Pipe.c">
      <Filter>Source Files</Filter>
    </ClCompile>
    <ClCompile Include="..\phLibNfc.c">
      <Filter>Source Files</Filter>
    </ClCompile>
    <ClCompile Include="..\phLibNfc_CeHost.c">
      <Filter>Source Files</Filter>
    </ClCompile>
    <ClCompile Include="..\phLibNfc_ContextMgmt.c">
      <Filter>Source Files</Filter>
    </ClCompile>
    <ClCompile Include="..\phLibNfc_Deactivate.c">
      <Filter>Source Files</Filter>
    </ClCompile>
    <ClCompile Include="..\phLibNfc_Discovery.c">
      <Filter>Source Files</Filter>
    </ClCompile>
    <ClCompile Include="..\phLibNfc_Hci.c">
      <Filter>Source Files</Filter>
    </ClCompile>
    <ClCompile Include="..\phLibNfc_Init.c">
      <Filter>Source Files</Filter>
    </ClCompile>
    <ClCompile Include="..\phLibNfc_Initiator.c">
      <Filter>Source Files</Filter>
    </ClCompile>
    <ClCompile Include="..\phLibNfc_InternalConnect.c">
      <Filter>Source Files</Filter>
    </ClCompile>
    <ClCompile Include="..\phLibNfc_Ioctl.c">
      <Filter>Source Files</Filter>
    </ClCompile>
    <ClCompile Include="..\phLibNfc_Iso15693.c">
      <Filter>Source Files</Filter>
    </ClCompile>
    <ClCompile Include="..\phLibNfc_Llcp.c">
      <Filter>Source Files</Filter>
    </ClCompile>
    <ClCompile Include="..\phLibNfc_ndef_raw.c">
      <Filter>Source Files</Filter>
    </ClCompile>
    <ClCompile Include="..\phLibNfc_Se.c">
      <Filter>Source Files</Filter>
    </ClCompile>
    <ClCompile Include="..\phLibNfc_Sequence.c">
      <Filter>Source Files</Filter>
    </ClCompile>
    <ClCompile Include="..\phLibNfc_Snep.c">
      <Filter>Source Files</Filter>
    </ClCompile>
    <ClCompile Include="..\phLibNfc_State.c">
      <Filter>Source Files</Filter>
    </ClCompile>
    <ClCompile Include="..\phLibNfc_State_Functions.c">
      <Filter>Source Files</Filter>
    </ClCompile>
    <ClCompile Include="..\phLibNfc_Target.c">
      <Filter>Source Files</Filter>
    </ClCompile>
    <ClCompile Include="..\phLibNfc_Type1Tag.c">
      <Filter>Source Files</Filter>
    </ClCompile>
  </ItemGroup>
  <ItemGroup>
    <ClInclude Include="..\phHciNfc_Core.h">
      <Filter>Header Files</Filter>
    </ClInclude>
    <ClInclude Include="..\phHciNfc_CoreRxMemMgr.h">
      <Filter>Header Files</Filter>
    </ClInclude>
    <ClInclude Include="..\phHciNfc_Interface.h">
      <Filter>Header Files</Filter>
    </ClInclude>
    <ClInclude Include="..\phHciNfc_Pipe.h">
      <Filter>Header Files</Filter>
    </ClInclude>
    <ClInclude Include="..\phLibNfc_CeHost.h">
      <Filter>Header Files</Filter>
    </ClInclude>
    <ClInclude Include="..\phLibNfc_ContextMgmt.h">
      <Filter>Header Files</Filter>
    </ClInclude>
    <ClInclude Include="..\phLibNfc_Deactivate.h">
      <Filter>Header Files</Filter>
    </ClInclude>
    <ClInclude Include="..\phLibNfc_Discovery.h">
      <Filter>Header Files</Filter>
    </ClInclude>
    <ClInclude Include="..\phLibNfc_Hci.h">
      <Filter>Header Files</Filter>
    </ClInclude>
    <ClInclude Include="..\phLibNfc_Init.h">
      <Filter>Header Files</Filter>
    </ClInclude>
    <ClInclude Include="..\phLibNfc_Initiator.h">
      <Filter>Header Files</Filter>
    </ClInclude>
    <ClInclude Include="..\phLibNfc_Internal.h">
      <Filter>Header Files</Filter>
    </ClInclude>
    <ClInclude Include="..\phLibNfc_IoctlUtils.h">
      <Filter>Header Files</Filter>
    </ClInclude>
    <ClInclude Include="..\phLibNfc_Iso15693.h">
      <Filter>Header Files</Filter>
    </ClInclude>
    <ClInclude Include="..\phLibNfc_Llcp.h">
      <Filter>Header Files</Filter>
    </ClInclude>
    <ClInclude Include="..\phLibNfc_ndef_raw.h">
      <Filter>Header Files</Filter>
    </ClInclude>
    <ClInclude Include="..\phLibNfc_Pch.h">
      <Filter>Header Files</Filter>
    </ClInclude>
    <ClInclude Include="..\phLibNfc_Se.h">
      <Filter>Header Files</Filter>
    </ClInclude>
    <ClInclude Include="..\phLibNfc_Sequence.h">
      <Filter>Header Files</Filter>
    </ClInclude>
    <ClInclude Include="..\phLibNfc_State.h">
      <Filter>Header Files</Filter>
    </ClInclude>
    <ClInclude Include="..\phLibNfc_Target.h">
      <Filter>Header Files</Filter>
    </ClInclude>
    <ClInclude Include="..\phLibNfc_Type1Tag.h">
      <Filter>Header Files</Filter>
    </ClInclude>
  </ItemGroup>
</Project>