<?xml version="1.0" encoding="utf-8"?>
<Project ToolsVersion="4.0" xmlns="http://schemas.microsoft.com/developer/msbuild/2003">
  <ItemGroup>
    <Filter Include="Source Files">
      <UniqueIdentifier>{4FC737F1-C7A5-4376-A066-2A32D752A2FF}</UniqueIdentifier>
      <Extensions>cpp;c;cc;cxx;def;odl;idl;hpj;bat;asm;asmx</Extensions>
    </Filter>
    <Filter Include="Header Files">
      <UniqueIdentifier>{93995380-89BD-4b04-88EB-625FBE52EBFB}</UniqueIdentifier>
      <Extensions>h;hpp;hxx;hm;inl;inc;xsd</Extensions>
    </Filter>
    <Filter Include="Resource Files">
      <UniqueIdentifier>{67DA6AB6-F800-4c08-8B7A-83BB121AAD01}</UniqueIdentifier>
      <Extensions>rc;ico;cur;bmp;dlg;rc2;rct;bin;rgs;gif;jpg;jpeg;jpe;resx;tiff;tif;png;wav;mfcribbon-ms</Extensions>
    </Filter>
  </ItemGroup>
  <ItemGroup>
    <ClCompile Include="..\phNciNfc.c">
      <Filter>Source Files</Filter>
    </ClCompile>
    <ClCompile Include="..\phNciNfc_Common.c">
      <Filter>Source Files</Filter>
    </ClCompile>
    <ClCompile Include="..\phNciNfc_Context.c">
      <Filter>Source Files</Filter>
    </ClCompile>
    <ClCompile Include="..\phNciNfc_Discovery.c">
      <Filter>Source Files</Filter>
    </ClCompile>
    <ClCompile Include="..\phNciNfc_Init.c">
      <Filter>Source Files</Filter>
    </ClCompile>
    <ClCompile Include="..\phNciNfc_Jewel.c">
      <Filter>Source Files</Filter>
    </ClCompile>
    <ClCompile Include="..\phNciNfc_ListenIsoDep.c">
      <Filter>Source Files</Filter>
    </ClCompile>
    <ClCompile Include="..\phNciNfc_ListenMgmt.c">
      <Filter>Source Files</Filter>
    </ClCompile>
    <ClCompile Include="..\phNciNfc_ListenNfcDep.c">
      <Filter>Source Files</Filter>
    </ClCompile>
    <ClCompile Include="..\phNciNfc_LogicalConn.c">
      <Filter>Source Files</Filter>
    </ClCompile>
    <ClCompile Include="..\phNciNfc_NfceeMgmt.c">
      <Filter>Source Files</Filter>
    </ClCompile>
    <ClCompile Include="..\phNciNfc_NfcIMgmt.c">
      <Filter>Source Files</Filter>
    </ClCompile>
    <ClCompile Include="..\phNciNfc_PollMgmt.c">
      <Filter>Source Files</Filter>
    </ClCompile>
    <ClCompile Include="..\phNciNfc_PollNfcDep.c">
      <Filter>Source Files</Filter>
    </ClCompile>
    <ClCompile Include="..\phNciNfc_RfConfig.c">
      <Filter>Source Files</Filter>
    </ClCompile>
    <ClCompile Include="..\phNciNfc_RFReader.c">
      <Filter>Source Files</Filter>
    </ClCompile>
    <ClCompile Include="..\phNciNfc_RFReader4A.c">
      <Filter>Source Files</Filter>
    </ClCompile>
    <ClCompile Include="..\phNciNfc_RFReader4B.c">
      <Filter>Source Files</Filter>
    </ClCompile>
    <ClCompile Include="..\phNciNfc_RFReaderFelica.c">
      <Filter>Source Files</Filter>
    </ClCompile>
    <ClCompile Include="..\phNciNfc_RFReaderIso15693.c">
      <Filter>Source Files</Filter>
    </ClCompile>
    <ClCompile Include="..\phNciNfc_RFReaderMifare.c">
      <Filter>Source Files</Filter>
    </ClCompile>
    <ClCompile Include="..\phNciNfc_Sequence.c">
      <Filter>Source Files</Filter>
    </ClCompile>
    <ClCompile Include="..\phNciNfc_Utils.c">
      <Filter>Source Files</Filter>
    </ClCompile>
    <ClCompile Include="..\phNciNfc_RFReaderA.c">
      <Filter>Source Files</Filter>
    </ClCompile>
    <ClCompile Include="..\phNciNfc_RFReaderB.c">
      <Filter>Source Files</Filter>
    </ClCompile>
  </ItemGroup>
  <ItemGroup>
    <ClInclude Include="..\phNciNfc.h">
      <Filter>Header Files</Filter>
    </ClInclude>
    <ClInclude Include="..\phNciNfc_Common.h">
      <Filter>Header Files</Filter>
    </ClInclude>
    <ClInclude Include="..\phNciNfc_Context.h">
      <Filter>Header Files</Filter>
    </ClInclude>
    <ClInclude Include="..\phNciNfc_Discovery.h">
      <Filter>Header Files</Filter>
    </ClInclude>
    <ClInclude Include="..\phNciNfc_Init.h">
      <Filter>Header Files</Filter>
    </ClInclude>
    <ClInclude Include="..\phNciNfc_Jewel.h">
      <Filter>Header Files</Filter>
    </ClInclude>
    <ClInclude Include="..\phNciNfc_ListenIsoDep.h">
      <Filter>Header Files</Filter>
    </ClInclude>
    <ClInclude Include="..\phNciNfc_ListenMgmt.h">
      <Filter>Header Files</Filter>
    </ClInclude>
    <ClInclude Include="..\phNciNfc_ListenNfcDep.h">
      <Filter>Header Files</Filter>
    </ClInclude>
    <ClInclude Include="..\phNciNfc_LogicalConn.h">
      <Filter>Header Files</Filter>
    </ClInclude>
    <ClInclude Include="..\phNciNfc_NfceeMgmt.h">
      <Filter>Header Files</Filter>
    </ClInclude>
    <ClInclude Include="..\phNciNfc_NfcIMgmt.h">
      <Filter>Header Files</Filter>
    </ClInclude>
    <ClInclude Include="..\phNciNfc_Pch.h">
      <Filter>Header Files</Filter>
    </ClInclude>
    <ClInclude Include="..\phNciNfc_PollMgmt.h">
      <Filter>Header Files</Filter>
    </ClInclude>
    <ClInclude Include="..\phNciNfc_PollNfcDep.h">
      <Filter>Header Files</Filter>
    </ClInclude>
    <ClInclude Include="..\phNciNfc_RfConfig.h">
      <Filter>Header Files</Filter>
    </ClInclude>
    <ClInclude Include="..\phNciNfc_RFReader.h">
      <Filter>Header Files</Filter>
    </ClInclude>
    <ClInclude Include="..\phNciNfc_RFReader4A.h">
      <Filter>Header Files</Filter>
    </ClInclude>
    <ClInclude Include="..\phNciNfc_RFReader4B.h">
      <Filter>Header Files</Filter>
    </ClInclude>
    <ClInclude Include="..\phNciNfc_RFReaderA.h">
      <Filter>Header Files</Filter>
    </ClInclude>
    <ClInclude Include="..\phNciNfc_RFReaderB.h">
      <Filter>Header Files</Filter>
    </ClInclude>
    <ClInclude Include="..\phNciNfc_RFReaderFelica.h">
      <Filter>Header Files</Filter>
    </ClInclude>
    <ClInclude Include="..\phNciNfc_RFReaderIso15693.h">
      <Filter>Header Files</Filter>
    </ClInclude>
    <ClInclude Include="..\phNciNfc_RFReaderMifare.h">
      <Filter>Header Files</Filter>
    </ClInclude>
    <ClInclude Include="..\phNciNfc_Sequence.h">
      <Filter>Header Files</Filter>
    </ClInclude>
    <ClInclude Include="..\phNciNfc_Utils.h">
      <Filter>Header Files</Filter>
    </ClInclude>
  </ItemGroup>
</Project>