<?xml version="1.0" encoding="utf-8"?>
<Project ToolsVersion="4.0" xmlns="http://schemas.microsoft.com/developer/msbuild/2003">
  <ItemGroup>
    <Filter Include="Source Files">
      <UniqueIdentifier>{4FC737F1-C7A5-4376-A066-2A32D752A2FF}</UniqueIdentifier>
      <Extensions>cpp;c;cc;cxx;def;odl;idl;hpj;bat;asm;asmx</Extensions>
    </Filter>
    <Filter Include="Header Files">
      <UniqueIdentifier>{93995380-89BD-4b04-88EB-625FBE52EBFB}</UniqueIdentifier>
      <Extensions>h;hpp;hxx;hm;inl;inc;xsd</Extensions>
    </Filter>
    <Filter Include="Resource Files">
      <UniqueIdentifier>{67DA6AB6-F800-4c08-8B7A-83BB121AAD01}</UniqueIdentifier>
      <Extensions>rc;ico;cur;bmp;dlg;rc2;rct;bin;rgs;gif;jpg;jpeg;jpe;resx;tiff;tif;png;wav;mfcribbon-ms</Extensions>
    </Filter>
  </ItemGroup>
  <ItemGroup>
    <ClCompile Include="..\phNciNfc_Core.c">
      <Filter>Source Files</Filter>
    </ClCompile>
    <ClCompile Include="..\phNciNfc_CoreIf.c">
      <Filter>Source Files</Filter>
    </ClCompile>
    <ClCompile Include="..\phNciNfc_CoreMemMgr.c">
      <Filter>Source Files</Filter>
    </ClCompile>
    <ClCompile Include="..\phNciNfc_CoreRecv.c">
      <Filter>Source Files</Filter>
    </ClCompile>
    <ClCompile Include="..\phNciNfc_CoreRecvMgr.c">
      <Filter>Source Files</Filter>
    </ClCompile>
    <ClCompile Include="..\phNciNfc_CoreSend.c">
      <Filter>Source Files</Filter>
    </ClCompile>
    <ClCompile Include="..\phNciNfc_CoreUtils.c">
      <Filter>Source Files</Filter>
    </ClCompile>
    <ClCompile Include="..\phNciNfc_DbgDescription.c">
      <Filter>Source Files</Filter>
    </ClCompile>
    <ClCompile Include="..\phNciNfc_LoglConnMgmt.c">
      <Filter>Source Files</Filter>
    </ClCompile>
    <ClCompile Include="..\phNciNfc_TlvUtils.c">
      <Filter>Source Files</Filter>
    </ClCompile>
  </ItemGroup>
  <ItemGroup>
    <ClInclude Include="..\phNciNfc_Core.h">
      <Filter>Header Files</Filter>
    </ClInclude>
    <ClInclude Include="..\phNciNfc_CoreIf.h">
      <Filter>Header Files</Filter>
    </ClInclude>
    <ClInclude Include="..\phNciNfc_CoreMemMgr.h">
      <Filter>Header Files</Filter>
    </ClInclude>
    <ClInclude Include="..\phNciNfc_CorePch.h">
      <Filter>Header Files</Filter>
    </ClInclude>
    <ClInclude Include="..\phNciNfc_CoreRecv.h">
      <Filter>Header Files</Filter>
    </ClInclude>
    <ClInclude Include="..\phNciNfc_CoreRecvMgr.h">
      <Filter>Header Files</Filter>
    </ClInclude>
    <ClInclude Include="..\phNciNfc_CoreSend.h">
      <Filter>Header Files</Filter>
    </ClInclude>
    <ClInclude Include="..\phNciNfc_CoreStatus.h">
      <Filter>Header Files</Filter>
    </ClInclude>
    <ClInclude Include="..\phNciNfc_CoreUtils.h">
      <Filter>Header Files</Filter>
    </ClInclude>
    <ClInclude Include="..\phNciNfc_DbgDescription.h">
      <Filter>Header Files</Filter>
    </ClInclude>
    <ClInclude Include="..\phNciNfc_LoglConnMgmt.h">
      <Filter>Header Files</Filter>
    </ClInclude>
    <ClInclude Include="..\phNciNfc_State.h">
      <Filter>Header Files</Filter>
    </ClInclude>
    <ClInclude Include="..\phNciNfc_TlvUtils.h">
      <Filter>Header Files</Filter>
    </ClInclude>
    <ClInclude Include="..\phNciNfcTypes.h">
      <Filter>Header Files</Filter>
    </ClInclude>
  </ItemGroup>
</Project>